
Microsoft Visual Studio Solution File, Format Version 12.00
# Visual Studio Version 17
VisualStudioVersion = 17.5.002.0
MinimumVisualStudioVersion = 10.0.40219.1
Project("{9A19103F-16F7-4668-BE54-9A1E7A4F7556}") = "MyBackend", "MyBackend.csproj", "{E79F072E-5CEF-4EA0-818C-836387557971}"
EndProject
Global
	GlobalSection(SolutionConfigurationPlatforms) = preSolution
		Debug|Any CPU = Debug|Any CPU
		Release|Any CPU = Release|Any CPU
	EndGlobalSection
	GlobalSection(ProjectConfigurationPlatforms) = postSolution
		{E79F072E-5CEF-4EA0-818C-836387557971}.Debug|Any CPU.ActiveCfg = Debug|Any CPU
		{E79F072E-5CEF-4EA0-818C-836387557971}.Debug|Any CPU.Build.0 = Debug|Any CPU
		{E79F072E-5CEF-4EA0-818C-836387557971}.Release|Any CPU.ActiveCfg = Release|Any CPU
		{E79F072E-5CEF-4EA0-818C-836387557971}.Release|Any CPU.Build.0 = Release|Any CPU
	EndGlobalSection
	GlobalSection(SolutionProperties) = preSolution
		HideSolutionNode = FALSE
	EndGlobalSection
	GlobalSection(ExtensibilityGlobals) = postSolution
		SolutionGuid = {9EBC65FA-6ECF-49F4-926E-268565A5B420}
	EndGlobalSection
EndGlobal
